
Microsoft Visual Studio Solution File, Format Version 12.00
# Visual Studio Version 16
VisualStudioVersion = 16.0.28705.295
MinimumVisualStudioVersion = 10.0.40219.1
Project("{FAE04EC0-301F-11D3-BF4B-00C04F79EFBC}") = "DennisDemos", "DennisDemos\DennisDemos.csproj", "{4DCECA40-BFEA-463D-82C6-0A5DA8FC2357}"
EndProject
Project("{2150E333-8FDC-42A3-9474-1A3956D46DE8}") = "designPatterns", "designPatterns", "{08589217-0ACF-4188-92F8-2C963497D555}"
EndProject
Project("{2150E333-8FDC-42A3-9474-1A3956D46DE8}") = "SimpleFactory", "SimpleFactory", "{AF00AE91-47A5-43CF-A4F0-7380881BF2D7}"
EndProject
Project("{2150E333-8FDC-42A3-9474-1A3956D46DE8}") = "Strategy", "Strategy", "{3D2ED336-5C6B-45A2-BEFA-F98A9A3FB82C}"
EndProject
Project("{2150E333-8FDC-42A3-9474-1A3956D46DE8}") = "Decorator", "Decorator", "{49B37FB6-D794-4F73-9855-D29DFC3DA27E}"
EndProject
Project("{2150E333-8FDC-42A3-9474-1A3956D46DE8}") = "Proxy", "Proxy", "{9D470423-F426-4680-B0C4-2CCBEFDDDD63}"
EndProject
Project("{2150E333-8FDC-42A3-9474-1A3956D46DE8}") = "Factory", "Factory", "{0372798A-6D34-4F28-88A0-9E9B55438D53}"
EndProject
Project("{2150E333-8FDC-42A3-9474-1A3956D46DE8}") = "Prototype", "Prototype", "{C83AFFFC-19C2-4D07-B767-490AC0598FC4}"
EndProject
Project("{2150E333-8FDC-42A3-9474-1A3956D46DE8}") = "Template", "Template", "{4CBDC953-2FA4-40C2-B0F3-5824B3735CDA}"
EndProject
Project("{2150E333-8FDC-42A3-9474-1A3956D46DE8}") = "Builder", "Builder", "{4A46A597-10F9-400B-8BFF-5FF5C2947E09}"
EndProject
Project("{2150E333-8FDC-42A3-9474-1A3956D46DE8}") = "PublishSubscript", "PublishSubscript", "{5EB6093E-9DDC-477C-95C8-8AD7298BA646}"
EndProject
Project("{2150E333-8FDC-42A3-9474-1A3956D46DE8}") = "AbstractFactory", "AbstractFactory", "{00E4C970-1E9E-4444-B86C-135684213BEB}"
EndProject
Project("{9A19103F-16F7-4668-BE54-9A1E7A4F7556}") = "AbstractFactoryDemo", "DesignPatterns\AbstractFactoryDemo\AbstractFactoryDemo.csproj", "{C19EE77A-3695-4D05-9802-E9EE640054D7}"
EndProject
Project("{9A19103F-16F7-4668-BE54-9A1E7A4F7556}") = "BuilderDemo", "DesignPatterns\BuilderDemo\BuilderDemo.csproj", "{C36424C3-CF9D-419E-A8AC-83EEEA28FEFB}"
EndProject
Project("{9A19103F-16F7-4668-BE54-9A1E7A4F7556}") = "PublishSubscriptDemo", "DesignPatterns\PublishSubscriptDemo\PublishSubscriptDemo.csproj", "{13501D5E-3F5A-4742-A473-E7412B140CE3}"
EndProject
Project("{9A19103F-16F7-4668-BE54-9A1E7A4F7556}") = "Decorator", "DesignPatterns\Decorator\Decorator.csproj", "{7242F752-84C1-411E-8421-F83AC5FEFEBF}"
EndProject
Project("{9A19103F-16F7-4668-BE54-9A1E7A4F7556}") = "FactoryDemo", "DesignPatterns\FactoryDemo\FactoryDemo.csproj", "{827BE7A1-5D90-48B0-893A-027C9DBEB58A}"
EndProject
Project("{9A19103F-16F7-4668-BE54-9A1E7A4F7556}") = "ProtoTypeDemo", "DesignPatterns\ProtoTypeDemo\ProtoTypeDemo.csproj", "{3B8273A9-A4A6-482F-A28F-9EAEAB2E6DF9}"
EndProject
Project("{9A19103F-16F7-4668-BE54-9A1E7A4F7556}") = "ProxyDemo", "DesignPatterns\ProxyDemo\ProxyDemo.csproj", "{F43A3356-B219-4DFD-B582-2C349E195ABC}"
EndProject
Project("{9A19103F-16F7-4668-BE54-9A1E7A4F7556}") = "SimpleFactory", "DesignPatterns\SimpleFactory\SimpleFactory.csproj", "{0CA4D0A4-675E-4ADC-AA81-6C76E88B7C08}"
EndProject
Project("{9A19103F-16F7-4668-BE54-9A1E7A4F7556}") = "Strategy", "DesignPatterns\StrategyDemos\Strategy.csproj", "{3457C536-906B-47FA-88E7-6D1C1522FB5B}"
EndProject
Project("{9A19103F-16F7-4668-BE54-9A1E7A4F7556}") = "TemplateMethod", "DesignPatterns\TemplateMethod\TemplateMethod.csproj", "{D4F0145A-42C1-4420-82CE-0EB36344A8CB}"
EndProject
Project("{2150E333-8FDC-42A3-9474-1A3956D46DE8}") = "State", "State", "{4B84B70E-BD2D-4305-A7C2-148815243725}"
EndProject
Project("{9A19103F-16F7-4668-BE54-9A1E7A4F7556}") = "StatePatterns", "DesignPatterns\StatePatterns\StatePatterns.csproj", "{869E8273-BD12-4C06-A61C-99D8CC7BE758}"
EndProject
Project("{2150E333-8FDC-42A3-9474-1A3956D46DE8}") = "Adapter", "Adapter", "{9CE77423-C739-445F-BCD0-6204D25DBD59}"
EndProject
Project("{9A19103F-16F7-4668-BE54-9A1E7A4F7556}") = "AdapterDemo", "DesignPatterns\Adapter\AdapterDemo\AdapterDemo.csproj", "{2C264756-64EB-48DD-BF10-B6C1ECF42E1D}"
EndProject
Project("{2150E333-8FDC-42A3-9474-1A3956D46DE8}") = "Singleton", "Singleton", "{CFC27C22-45C5-42F2-B2FF-EB8740069E64}"
EndProject
Project("{9A19103F-16F7-4668-BE54-9A1E7A4F7556}") = "SingletonDemo", "DesignPatterns\Singleton\SingletonDemo\SingletonDemo.csproj", "{5314F4BF-72DD-4005-86B8-2BC34F8760CE}"
EndProject
Project("{2150E333-8FDC-42A3-9474-1A3956D46DE8}") = "Bridge", "Bridge", "{FE3DFD60-06D1-4C69-AEC0-138870C6F4B8}"
EndProject
Project("{9A19103F-16F7-4668-BE54-9A1E7A4F7556}") = "BridgeDemo", "DesignPatterns\Bridge\BridgeDemo\BridgeDemo.csproj", "{A3EEAA7F-EC70-4C40-BA6C-A697DCB7D6C7}"
EndProject
Project("{2150E333-8FDC-42A3-9474-1A3956D46DE8}") = "dutychain", "dutychain", "{09D16F50-4C76-4B32-ADDC-F31C104DDA70}"
EndProject
Project("{9A19103F-16F7-4668-BE54-9A1E7A4F7556}") = "DutyChainDemo", "DesignPatterns\DutyChain\DutyChainDemo\DutyChainDemo.csproj", "{BA6666FD-ED09-4420-981B-4047FD3F91D1}"
EndProject
Project("{2150E333-8FDC-42A3-9474-1A3956D46DE8}") = "Accesser", "Accesser", "{DBFA1007-6CC7-489B-848F-A5036909129B}"
EndProject
Project("{9A19103F-16F7-4668-BE54-9A1E7A4F7556}") = "AccessDemo", "DesignPatterns\Accesser\AccessDemo\AccessDemo.csproj", "{E8BA9728-9750-4B97-9D24-16195053B509}"
EndProject
Project("{2150E333-8FDC-42A3-9474-1A3956D46DE8}") = "aspnetcore.demos", "aspnetcore.demos", "{62ACF058-FDED-4F5F-AF27-DC9E8C5BCFFB}"
EndProject
Project("{9A19103F-16F7-4668-BE54-9A1E7A4F7556}") = "dennis-webapi-demo", "dennis-webapi-demo\dennis-webapi-demo.csproj", "{7663DE59-2EAA-457A-99BC-29F3E14D565D}"
EndProject
Project("{9A19103F-16F7-4668-BE54-9A1E7A4F7556}") = "dennis-angular-test", "dennis-angular-test\dennis-angular-test.csproj", "{9D22218B-8046-48CB-A2AA-0F9F04B57F8D}"
EndProject
Project("{9A19103F-16F7-4668-BE54-9A1E7A4F7556}") = "anc-distributed-cache-demo", "anc-distributed-cache-demo\anc-distributed-cache-demo.csproj", "{7719B6E9-E39D-4C49-BB24-FFEE637D071C}"
EndProject
Project("{2150E333-8FDC-42A3-9474-1A3956D46DE8}") = "microservices.demos", "microservices.demos", "{23BAAE03-CF83-40E9-B54D-CE5752864925}"
EndProject
Project("{2150E333-8FDC-42A3-9474-1A3956D46DE8}") = "ocelot.demos", "ocelot.demos", "{BE0E3E8D-BF47-4496-896D-9E64C1DF0BF7}"
EndProject
Project("{2150E333-8FDC-42A3-9474-1A3956D46DE8}") = "rabbitmq.demos", "rabbitmq.demos", "{B756FDD3-7423-40C0-A74A-BF0A8B31B8EF}"
EndProject
Project("{9A19103F-16F7-4668-BE54-9A1E7A4F7556}") = "Reviver", "rabbitmq-demo\Reviver\Reviver.csproj", "{CD910B23-5D95-426B-A615-B530427D55F7}"
EndProject
Project("{9A19103F-16F7-4668-BE54-9A1E7A4F7556}") = "Sender", "rabbitmq-demo\Sender\Sender.csproj", "{48E270FD-24F8-4EF6-8345-27EC281FAE2B}"
EndProject
Project("{9A19103F-16F7-4668-BE54-9A1E7A4F7556}") = "Ocelot.Core", "ocelot-demo\Ocelot.Core\Ocelot.Core.csproj", "{72DEFF05-DC74-4A81-AD5B-86C4A19F6F66}"
EndProject
Project("{9A19103F-16F7-4668-BE54-9A1E7A4F7556}") = "TestServiceA", "ocelot-demo\api\api1\TestServiceA\TestServiceA.csproj", "{D57EBA53-E33B-469F-942F-4DC7CB0BB23B}"
EndProject
Project("{9A19103F-16F7-4668-BE54-9A1E7A4F7556}") = "TestServiceB", "ocelot-demo\api\api1\TestServiceB\TestServiceB.csproj", "{00460455-026E-462A-957E-E4A00EEC8992}"
EndProject
Project("{2150E333-8FDC-42A3-9474-1A3956D46DE8}") = "aspectcore.demos", "aspectcore.demos", "{8C3B66AA-AC54-4042-9F0E-82C95BB4E834}"
EndProject
Project("{FAE04EC0-301F-11D3-BF4B-00C04F79EFBC}") = "aspectcore.demo", "aspectcore-demo\aspectcore.demo\aspectcore.demo.csproj", "{01497DAF-2BAB-44B8-BC05-BD01A6B5C06A}"
EndProject
Project("{FAE04EC0-301F-11D3-BF4B-00C04F79EFBC}") = "consul.service", "ocelot-demo\consul\consul.service\consul.service.csproj", "{BAFD65AD-B7B6-4AA3-A839-1604B6E85D86}"
EndProject
Global
	GlobalSection(SolutionConfigurationPlatforms) = preSolution
		Debug|Any CPU = Debug|Any CPU
		Release|Any CPU = Release|Any CPU
	EndGlobalSection
	GlobalSection(ProjectConfigurationPlatforms) = postSolution
		{4DCECA40-BFEA-463D-82C6-0A5DA8FC2357}.Debug|Any CPU.ActiveCfg = Debug|Any CPU
		{4DCECA40-BFEA-463D-82C6-0A5DA8FC2357}.Debug|Any CPU.Build.0 = Debug|Any CPU
		{4DCECA40-BFEA-463D-82C6-0A5DA8FC2357}.Release|Any CPU.ActiveCfg = Release|Any CPU
		{4DCECA40-BFEA-463D-82C6-0A5DA8FC2357}.Release|Any CPU.Build.0 = Release|Any CPU
		{C19EE77A-3695-4D05-9802-E9EE640054D7}.Debug|Any CPU.ActiveCfg = Debug|Any CPU
		{C19EE77A-3695-4D05-9802-E9EE640054D7}.Debug|Any CPU.Build.0 = Debug|Any CPU
		{C19EE77A-3695-4D05-9802-E9EE640054D7}.Release|Any CPU.ActiveCfg = Release|Any CPU
		{C19EE77A-3695-4D05-9802-E9EE640054D7}.Release|Any CPU.Build.0 = Release|Any CPU
		{C36424C3-CF9D-419E-A8AC-83EEEA28FEFB}.Debug|Any CPU.ActiveCfg = Debug|Any CPU
		{C36424C3-CF9D-419E-A8AC-83EEEA28FEFB}.Debug|Any CPU.Build.0 = Debug|Any CPU
		{C36424C3-CF9D-419E-A8AC-83EEEA28FEFB}.Release|Any CPU.ActiveCfg = Release|Any CPU
		{C36424C3-CF9D-419E-A8AC-83EEEA28FEFB}.Release|Any CPU.Build.0 = Release|Any CPU
		{13501D5E-3F5A-4742-A473-E7412B140CE3}.Debug|Any CPU.ActiveCfg = Debug|Any CPU
		{13501D5E-3F5A-4742-A473-E7412B140CE3}.Debug|Any CPU.Build.0 = Debug|Any CPU
		{13501D5E-3F5A-4742-A473-E7412B140CE3}.Release|Any CPU.ActiveCfg = Release|Any CPU
		{13501D5E-3F5A-4742-A473-E7412B140CE3}.Release|Any CPU.Build.0 = Release|Any CPU
		{7242F752-84C1-411E-8421-F83AC5FEFEBF}.Debug|Any CPU.ActiveCfg = Debug|Any CPU
		{7242F752-84C1-411E-8421-F83AC5FEFEBF}.Debug|Any CPU.Build.0 = Debug|Any CPU
		{7242F752-84C1-411E-8421-F83AC5FEFEBF}.Release|Any CPU.ActiveCfg = Release|Any CPU
		{7242F752-84C1-411E-8421-F83AC5FEFEBF}.Release|Any CPU.Build.0 = Release|Any CPU
		{827BE7A1-5D90-48B0-893A-027C9DBEB58A}.Debug|Any CPU.ActiveCfg = Debug|Any CPU
		{827BE7A1-5D90-48B0-893A-027C9DBEB58A}.Debug|Any CPU.Build.0 = Debug|Any CPU
		{827BE7A1-5D90-48B0-893A-027C9DBEB58A}.Release|Any CPU.ActiveCfg = Release|Any CPU
		{827BE7A1-5D90-48B0-893A-027C9DBEB58A}.Release|Any CPU.Build.0 = Release|Any CPU
		{3B8273A9-A4A6-482F-A28F-9EAEAB2E6DF9}.Debug|Any CPU.ActiveCfg = Debug|Any CPU
		{3B8273A9-A4A6-482F-A28F-9EAEAB2E6DF9}.Debug|Any CPU.Build.0 = Debug|Any CPU
		{3B8273A9-A4A6-482F-A28F-9EAEAB2E6DF9}.Release|Any CPU.ActiveCfg = Release|Any CPU
		{3B8273A9-A4A6-482F-A28F-9EAEAB2E6DF9}.Release|Any CPU.Build.0 = Release|Any CPU
		{F43A3356-B219-4DFD-B582-2C349E195ABC}.Debug|Any CPU.ActiveCfg = Debug|Any CPU
		{F43A3356-B219-4DFD-B582-2C349E195ABC}.Debug|Any CPU.Build.0 = Debug|Any CPU
		{F43A3356-B219-4DFD-B582-2C349E195ABC}.Release|Any CPU.ActiveCfg = Release|Any CPU
		{F43A3356-B219-4DFD-B582-2C349E195ABC}.Release|Any CPU.Build.0 = Release|Any CPU
		{0CA4D0A4-675E-4ADC-AA81-6C76E88B7C08}.Debug|Any CPU.ActiveCfg = Debug|Any CPU
		{0CA4D0A4-675E-4ADC-AA81-6C76E88B7C08}.Debug|Any CPU.Build.0 = Debug|Any CPU
		{0CA4D0A4-675E-4ADC-AA81-6C76E88B7C08}.Release|Any CPU.ActiveCfg = Release|Any CPU
		{0CA4D0A4-675E-4ADC-AA81-6C76E88B7C08}.Release|Any CPU.Build.0 = Release|Any CPU
		{3457C536-906B-47FA-88E7-6D1C1522FB5B}.Debug|Any CPU.ActiveCfg = Debug|Any CPU
		{3457C536-906B-47FA-88E7-6D1C1522FB5B}.Debug|Any CPU.Build.0 = Debug|Any CPU
		{3457C536-906B-47FA-88E7-6D1C1522FB5B}.Release|Any CPU.ActiveCfg = Release|Any CPU
		{3457C536-906B-47FA-88E7-6D1C1522FB5B}.Release|Any CPU.Build.0 = Release|Any CPU
		{D4F0145A-42C1-4420-82CE-0EB36344A8CB}.Debug|Any CPU.ActiveCfg = Debug|Any CPU
		{D4F0145A-42C1-4420-82CE-0EB36344A8CB}.Debug|Any CPU.Build.0 = Debug|Any CPU
		{D4F0145A-42C1-4420-82CE-0EB36344A8CB}.Release|Any CPU.ActiveCfg = Release|Any CPU
		{D4F0145A-42C1-4420-82CE-0EB36344A8CB}.Release|Any CPU.Build.0 = Release|Any CPU
		{869E8273-BD12-4C06-A61C-99D8CC7BE758}.Debug|Any CPU.ActiveCfg = Debug|Any CPU
		{869E8273-BD12-4C06-A61C-99D8CC7BE758}.Debug|Any CPU.Build.0 = Debug|Any CPU
		{869E8273-BD12-4C06-A61C-99D8CC7BE758}.Release|Any CPU.ActiveCfg = Release|Any CPU
		{869E8273-BD12-4C06-A61C-99D8CC7BE758}.Release|Any CPU.Build.0 = Release|Any CPU
		{2C264756-64EB-48DD-BF10-B6C1ECF42E1D}.Debug|Any CPU.ActiveCfg = Debug|Any CPU
		{2C264756-64EB-48DD-BF10-B6C1ECF42E1D}.Debug|Any CPU.Build.0 = Debug|Any CPU
		{2C264756-64EB-48DD-BF10-B6C1ECF42E1D}.Release|Any CPU.ActiveCfg = Release|Any CPU
		{2C264756-64EB-48DD-BF10-B6C1ECF42E1D}.Release|Any CPU.Build.0 = Release|Any CPU
		{5314F4BF-72DD-4005-86B8-2BC34F8760CE}.Debug|Any CPU.ActiveCfg = Debug|Any CPU
		{5314F4BF-72DD-4005-86B8-2BC34F8760CE}.Debug|Any CPU.Build.0 = Debug|Any CPU
		{5314F4BF-72DD-4005-86B8-2BC34F8760CE}.Release|Any CPU.ActiveCfg = Release|Any CPU
		{5314F4BF-72DD-4005-86B8-2BC34F8760CE}.Release|Any CPU.Build.0 = Release|Any CPU
		{A3EEAA7F-EC70-4C40-BA6C-A697DCB7D6C7}.Debug|Any CPU.ActiveCfg = Debug|Any CPU
		{A3EEAA7F-EC70-4C40-BA6C-A697DCB7D6C7}.Debug|Any CPU.Build.0 = Debug|Any CPU
		{A3EEAA7F-EC70-4C40-BA6C-A697DCB7D6C7}.Release|Any CPU.ActiveCfg = Release|Any CPU
		{A3EEAA7F-EC70-4C40-BA6C-A697DCB7D6C7}.Release|Any CPU.Build.0 = Release|Any CPU
		{BA6666FD-ED09-4420-981B-4047FD3F91D1}.Debug|Any CPU.ActiveCfg = Debug|Any CPU
		{BA6666FD-ED09-4420-981B-4047FD3F91D1}.Debug|Any CPU.Build.0 = Debug|Any CPU
		{BA6666FD-ED09-4420-981B-4047FD3F91D1}.Release|Any CPU.ActiveCfg = Release|Any CPU
		{BA6666FD-ED09-4420-981B-4047FD3F91D1}.Release|Any CPU.Build.0 = Release|Any CPU
		{E8BA9728-9750-4B97-9D24-16195053B509}.Debug|Any CPU.ActiveCfg = Debug|Any CPU
		{E8BA9728-9750-4B97-9D24-16195053B509}.Debug|Any CPU.Build.0 = Debug|Any CPU
		{E8BA9728-9750-4B97-9D24-16195053B509}.Release|Any CPU.ActiveCfg = Release|Any CPU
		{E8BA9728-9750-4B97-9D24-16195053B509}.Release|Any CPU.Build.0 = Release|Any CPU
		{7663DE59-2EAA-457A-99BC-29F3E14D565D}.Debug|Any CPU.ActiveCfg = Debug|Any CPU
		{7663DE59-2EAA-457A-99BC-29F3E14D565D}.Debug|Any CPU.Build.0 = Debug|Any CPU
		{7663DE59-2EAA-457A-99BC-29F3E14D565D}.Release|Any CPU.ActiveCfg = Release|Any CPU
		{7663DE59-2EAA-457A-99BC-29F3E14D565D}.Release|Any CPU.Build.0 = Release|Any CPU
		{9D22218B-8046-48CB-A2AA-0F9F04B57F8D}.Debug|Any CPU.ActiveCfg = Debug|Any CPU
		{9D22218B-8046-48CB-A2AA-0F9F04B57F8D}.Debug|Any CPU.Build.0 = Debug|Any CPU
		{9D22218B-8046-48CB-A2AA-0F9F04B57F8D}.Release|Any CPU.ActiveCfg = Release|Any CPU
		{9D22218B-8046-48CB-A2AA-0F9F04B57F8D}.Release|Any CPU.Build.0 = Release|Any CPU
		{7719B6E9-E39D-4C49-BB24-FFEE637D071C}.Debug|Any CPU.ActiveCfg = Debug|Any CPU
		{7719B6E9-E39D-4C49-BB24-FFEE637D071C}.Debug|Any CPU.Build.0 = Debug|Any CPU
		{7719B6E9-E39D-4C49-BB24-FFEE637D071C}.Release|Any CPU.ActiveCfg = Release|Any CPU
		{7719B6E9-E39D-4C49-BB24-FFEE637D071C}.Release|Any CPU.Build.0 = Release|Any CPU
		{CD910B23-5D95-426B-A615-B530427D55F7}.Debug|Any CPU.ActiveCfg = Debug|Any CPU
		{CD910B23-5D95-426B-A615-B530427D55F7}.Debug|Any CPU.Build.0 = Debug|Any CPU
		{CD910B23-5D95-426B-A615-B530427D55F7}.Release|Any CPU.ActiveCfg = Release|Any CPU
		{CD910B23-5D95-426B-A615-B530427D55F7}.Release|Any CPU.Build.0 = Release|Any CPU
		{48E270FD-24F8-4EF6-8345-27EC281FAE2B}.Debug|Any CPU.ActiveCfg = Debug|Any CPU
		{48E270FD-24F8-4EF6-8345-27EC281FAE2B}.Debug|Any CPU.Build.0 = Debug|Any CPU
		{48E270FD-24F8-4EF6-8345-27EC281FAE2B}.Release|Any CPU.ActiveCfg = Release|Any CPU
		{48E270FD-24F8-4EF6-8345-27EC281FAE2B}.Release|Any CPU.Build.0 = Release|Any CPU
		{72DEFF05-DC74-4A81-AD5B-86C4A19F6F66}.Debug|Any CPU.ActiveCfg = Debug|Any CPU
		{72DEFF05-DC74-4A81-AD5B-86C4A19F6F66}.Debug|Any CPU.Build.0 = Debug|Any CPU
		{72DEFF05-DC74-4A81-AD5B-86C4A19F6F66}.Release|Any CPU.ActiveCfg = Release|Any CPU
		{72DEFF05-DC74-4A81-AD5B-86C4A19F6F66}.Release|Any CPU.Build.0 = Release|Any CPU
		{D57EBA53-E33B-469F-942F-4DC7CB0BB23B}.Debug|Any CPU.ActiveCfg = Debug|Any CPU
		{D57EBA53-E33B-469F-942F-4DC7CB0BB23B}.Debug|Any CPU.Build.0 = Debug|Any CPU
		{D57EBA53-E33B-469F-942F-4DC7CB0BB23B}.Release|Any CPU.ActiveCfg = Release|Any CPU
		{D57EBA53-E33B-469F-942F-4DC7CB0BB23B}.Release|Any CPU.Build.0 = Release|Any CPU
		{00460455-026E-462A-957E-E4A00EEC8992}.Debug|Any CPU.ActiveCfg = Debug|Any CPU
		{00460455-026E-462A-957E-E4A00EEC8992}.Debug|Any CPU.Build.0 = Debug|Any CPU
		{00460455-026E-462A-957E-E4A00EEC8992}.Release|Any CPU.ActiveCfg = Release|Any CPU
		{00460455-026E-462A-957E-E4A00EEC8992}.Release|Any CPU.Build.0 = Release|Any CPU
		{01497DAF-2BAB-44B8-BC05-BD01A6B5C06A}.Debug|Any CPU.ActiveCfg = Debug|Any CPU
		{01497DAF-2BAB-44B8-BC05-BD01A6B5C06A}.Debug|Any CPU.Build.0 = Debug|Any CPU
		{01497DAF-2BAB-44B8-BC05-BD01A6B5C06A}.Release|Any CPU.ActiveCfg = Release|Any CPU
		{01497DAF-2BAB-44B8-BC05-BD01A6B5C06A}.Release|Any CPU.Build.0 = Release|Any CPU
		{BAFD65AD-B7B6-4AA3-A839-1604B6E85D86}.Debug|Any CPU.ActiveCfg = Debug|Any CPU
		{BAFD65AD-B7B6-4AA3-A839-1604B6E85D86}.Debug|Any CPU.Build.0 = Debug|Any CPU
		{BAFD65AD-B7B6-4AA3-A839-1604B6E85D86}.Release|Any CPU.ActiveCfg = Release|Any CPU
		{BAFD65AD-B7B6-4AA3-A839-1604B6E85D86}.Release|Any CPU.Build.0 = Release|Any CPU
	EndGlobalSection
	GlobalSection(SolutionProperties) = preSolution
		HideSolutionNode = FALSE
	EndGlobalSection
	GlobalSection(NestedProjects) = preSolution
		{AF00AE91-47A5-43CF-A4F0-7380881BF2D7} = {08589217-0ACF-4188-92F8-2C963497D555}
		{3D2ED336-5C6B-45A2-BEFA-F98A9A3FB82C} = {08589217-0ACF-4188-92F8-2C963497D555}
		{49B37FB6-D794-4F73-9855-D29DFC3DA27E} = {08589217-0ACF-4188-92F8-2C963497D555}
		{9D470423-F426-4680-B0C4-2CCBEFDDDD63} = {08589217-0ACF-4188-92F8-2C963497D555}
		{0372798A-6D34-4F28-88A0-9E9B55438D53} = {08589217-0ACF-4188-92F8-2C963497D555}
		{C83AFFFC-19C2-4D07-B767-490AC0598FC4} = {08589217-0ACF-4188-92F8-2C963497D555}
		{4CBDC953-2FA4-40C2-B0F3-5824B3735CDA} = {08589217-0ACF-4188-92F8-2C963497D555}
		{4A46A597-10F9-400B-8BFF-5FF5C2947E09} = {08589217-0ACF-4188-92F8-2C963497D555}
		{5EB6093E-9DDC-477C-95C8-8AD7298BA646} = {08589217-0ACF-4188-92F8-2C963497D555}
		{00E4C970-1E9E-4444-B86C-135684213BEB} = {08589217-0ACF-4188-92F8-2C963497D555}
		{C19EE77A-3695-4D05-9802-E9EE640054D7} = {00E4C970-1E9E-4444-B86C-135684213BEB}
		{C36424C3-CF9D-419E-A8AC-83EEEA28FEFB} = {4A46A597-10F9-400B-8BFF-5FF5C2947E09}
		{13501D5E-3F5A-4742-A473-E7412B140CE3} = {5EB6093E-9DDC-477C-95C8-8AD7298BA646}
		{7242F752-84C1-411E-8421-F83AC5FEFEBF} = {49B37FB6-D794-4F73-9855-D29DFC3DA27E}
		{827BE7A1-5D90-48B0-893A-027C9DBEB58A} = {0372798A-6D34-4F28-88A0-9E9B55438D53}
		{3B8273A9-A4A6-482F-A28F-9EAEAB2E6DF9} = {C83AFFFC-19C2-4D07-B767-490AC0598FC4}
		{F43A3356-B219-4DFD-B582-2C349E195ABC} = {9D470423-F426-4680-B0C4-2CCBEFDDDD63}
		{0CA4D0A4-675E-4ADC-AA81-6C76E88B7C08} = {AF00AE91-47A5-43CF-A4F0-7380881BF2D7}
		{3457C536-906B-47FA-88E7-6D1C1522FB5B} = {3D2ED336-5C6B-45A2-BEFA-F98A9A3FB82C}
		{D4F0145A-42C1-4420-82CE-0EB36344A8CB} = {4CBDC953-2FA4-40C2-B0F3-5824B3735CDA}
		{4B84B70E-BD2D-4305-A7C2-148815243725} = {08589217-0ACF-4188-92F8-2C963497D555}
		{869E8273-BD12-4C06-A61C-99D8CC7BE758} = {4B84B70E-BD2D-4305-A7C2-148815243725}
		{9CE77423-C739-445F-BCD0-6204D25DBD59} = {08589217-0ACF-4188-92F8-2C963497D555}
		{2C264756-64EB-48DD-BF10-B6C1ECF42E1D} = {9CE77423-C739-445F-BCD0-6204D25DBD59}
		{CFC27C22-45C5-42F2-B2FF-EB8740069E64} = {08589217-0ACF-4188-92F8-2C963497D555}
		{5314F4BF-72DD-4005-86B8-2BC34F8760CE} = {CFC27C22-45C5-42F2-B2FF-EB8740069E64}
		{FE3DFD60-06D1-4C69-AEC0-138870C6F4B8} = {08589217-0ACF-4188-92F8-2C963497D555}
		{A3EEAA7F-EC70-4C40-BA6C-A697DCB7D6C7} = {FE3DFD60-06D1-4C69-AEC0-138870C6F4B8}
		{09D16F50-4C76-4B32-ADDC-F31C104DDA70} = {08589217-0ACF-4188-92F8-2C963497D555}
		{BA6666FD-ED09-4420-981B-4047FD3F91D1} = {09D16F50-4C76-4B32-ADDC-F31C104DDA70}
		{DBFA1007-6CC7-489B-848F-A5036909129B} = {08589217-0ACF-4188-92F8-2C963497D555}
		{E8BA9728-9750-4B97-9D24-16195053B509} = {DBFA1007-6CC7-489B-848F-A5036909129B}
		{7663DE59-2EAA-457A-99BC-29F3E14D565D} = {62ACF058-FDED-4F5F-AF27-DC9E8C5BCFFB}
		{9D22218B-8046-48CB-A2AA-0F9F04B57F8D} = {62ACF058-FDED-4F5F-AF27-DC9E8C5BCFFB}
		{7719B6E9-E39D-4C49-BB24-FFEE637D071C} = {62ACF058-FDED-4F5F-AF27-DC9E8C5BCFFB}
		{BE0E3E8D-BF47-4496-896D-9E64C1DF0BF7} = {23BAAE03-CF83-40E9-B54D-CE5752864925}
		{B756FDD3-7423-40C0-A74A-BF0A8B31B8EF} = {23BAAE03-CF83-40E9-B54D-CE5752864925}
		{CD910B23-5D95-426B-A615-B530427D55F7} = {B756FDD3-7423-40C0-A74A-BF0A8B31B8EF}
		{48E270FD-24F8-4EF6-8345-27EC281FAE2B} = {B756FDD3-7423-40C0-A74A-BF0A8B31B8EF}
		{72DEFF05-DC74-4A81-AD5B-86C4A19F6F66} = {BE0E3E8D-BF47-4496-896D-9E64C1DF0BF7}
		{D57EBA53-E33B-469F-942F-4DC7CB0BB23B} = {BE0E3E8D-BF47-4496-896D-9E64C1DF0BF7}
		{00460455-026E-462A-957E-E4A00EEC8992} = {BE0E3E8D-BF47-4496-896D-9E64C1DF0BF7}
		{8C3B66AA-AC54-4042-9F0E-82C95BB4E834} = {23BAAE03-CF83-40E9-B54D-CE5752864925}
		{01497DAF-2BAB-44B8-BC05-BD01A6B5C06A} = {8C3B66AA-AC54-4042-9F0E-82C95BB4E834}
		{BAFD65AD-B7B6-4AA3-A839-1604B6E85D86} = {BE0E3E8D-BF47-4496-896D-9E64C1DF0BF7}
	EndGlobalSection
	GlobalSection(ExtensibilityGlobals) = postSolution
		SolutionGuid = {F9A460D5-C620-42EA-A242-FF14BE275109}
	EndGlobalSection
EndGlobal
