
Microsoft Visual Studio Solution File, Format Version 12.00
# Visual Studio Version 16
VisualStudioVersion = 16.0.28705.295
MinimumVisualStudioVersion = 10.0.40219.1
Project("{FAE04EC0-301F-11D3-BF4B-00C04F79EFBC}") = "DennisDemos", "DennisDemos\DennisDemos.csproj", "{4DCECA40-BFEA-463D-82C6-0A5DA8FC2357}"
EndProject
Project("{FAE04EC0-301F-11D3-BF4B-00C04F79EFBC}") = "DapperDemo", "DapperDemo\DapperDemo.csproj", "{0D4D8FEB-1C4F-4142-80D3-1550664F3CA0}"
EndProject
Project("{FAE04EC0-301F-11D3-BF4B-00C04F79EFBC}") = "OdataWebAPIDemo", "OdataWebAPIDemo\OdataWebAPIDemo.csproj", "{17A2D901-8416-4B82-9286-699261F8CB8A}"
EndProject
Project("{FAE04EC0-301F-11D3-BF4B-00C04F79EFBC}") = "DemosUT", "DemosUT\DemosUT.csproj", "{019BA23C-EADA-4300-9CE1-B50D339D97C7}"
EndProject
Project("{FAE04EC0-301F-11D3-BF4B-00C04F79EFBC}") = "MEFDemo", "IOCDemo\MEFDemo.csproj", "{5E8B7115-1BC3-40BC-9DFC-30EF3A76E49B}"
EndProject
Project("{FAE04EC0-301F-11D3-BF4B-00C04F79EFBC}") = "ExtendedMethod", "ExtendedMethod\ExtendedMethod.csproj", "{CEB990BA-F5AB-4D00-8A41-D948AB7569DF}"
EndProject
Project("{2150E333-8FDC-42A3-9474-1A3956D46DE8}") = "IOC_MEF_Demos", "IOC_MEF_Demos", "{DB507199-52BB-488B-AB6C-EB1C4BBAE23B}"
EndProject
Project("{FAE04EC0-301F-11D3-BF4B-00C04F79EFBC}") = "Services", "Services\Services.csproj", "{5D3A4BD5-2283-4376-BFC9-ABFFD53F324B}"
EndProject
Project("{2150E333-8FDC-42A3-9474-1A3956D46DE8}") = "Design_Patterns", "Design_Patterns", "{08589217-0ACF-4188-92F8-2C963497D555}"
EndProject
Project("{FAE04EC0-301F-11D3-BF4B-00C04F79EFBC}") = "SimpleFactory", "Design_Patterns_Demos\SimpleFactory.csproj", "{83E1F70D-4D2A-4028-A119-1C4CD22C2E45}"
EndProject
Global
	GlobalSection(SolutionConfigurationPlatforms) = preSolution
		Debug|Any CPU = Debug|Any CPU
		Release|Any CPU = Release|Any CPU
	EndGlobalSection
	GlobalSection(ProjectConfigurationPlatforms) = postSolution
		{4DCECA40-BFEA-463D-82C6-0A5DA8FC2357}.Debug|Any CPU.ActiveCfg = Debug|Any CPU
		{4DCECA40-BFEA-463D-82C6-0A5DA8FC2357}.Debug|Any CPU.Build.0 = Debug|Any CPU
		{4DCECA40-BFEA-463D-82C6-0A5DA8FC2357}.Release|Any CPU.ActiveCfg = Release|Any CPU
		{4DCECA40-BFEA-463D-82C6-0A5DA8FC2357}.Release|Any CPU.Build.0 = Release|Any CPU
		{0D4D8FEB-1C4F-4142-80D3-1550664F3CA0}.Debug|Any CPU.ActiveCfg = Debug|Any CPU
		{0D4D8FEB-1C4F-4142-80D3-1550664F3CA0}.Debug|Any CPU.Build.0 = Debug|Any CPU
		{0D4D8FEB-1C4F-4142-80D3-1550664F3CA0}.Release|Any CPU.ActiveCfg = Release|Any CPU
		{0D4D8FEB-1C4F-4142-80D3-1550664F3CA0}.Release|Any CPU.Build.0 = Release|Any CPU
		{17A2D901-8416-4B82-9286-699261F8CB8A}.Debug|Any CPU.ActiveCfg = Debug|Any CPU
		{17A2D901-8416-4B82-9286-699261F8CB8A}.Debug|Any CPU.Build.0 = Debug|Any CPU
		{17A2D901-8416-4B82-9286-699261F8CB8A}.Release|Any CPU.ActiveCfg = Release|Any CPU
		{17A2D901-8416-4B82-9286-699261F8CB8A}.Release|Any CPU.Build.0 = Release|Any CPU
		{019BA23C-EADA-4300-9CE1-B50D339D97C7}.Debug|Any CPU.ActiveCfg = Debug|Any CPU
		{019BA23C-EADA-4300-9CE1-B50D339D97C7}.Debug|Any CPU.Build.0 = Debug|Any CPU
		{019BA23C-EADA-4300-9CE1-B50D339D97C7}.Release|Any CPU.ActiveCfg = Release|Any CPU
		{019BA23C-EADA-4300-9CE1-B50D339D97C7}.Release|Any CPU.Build.0 = Release|Any CPU
		{5E8B7115-1BC3-40BC-9DFC-30EF3A76E49B}.Debug|Any CPU.ActiveCfg = Debug|Any CPU
		{5E8B7115-1BC3-40BC-9DFC-30EF3A76E49B}.Debug|Any CPU.Build.0 = Debug|Any CPU
		{5E8B7115-1BC3-40BC-9DFC-30EF3A76E49B}.Release|Any CPU.ActiveCfg = Release|Any CPU
		{5E8B7115-1BC3-40BC-9DFC-30EF3A76E49B}.Release|Any CPU.Build.0 = Release|Any CPU
		{CEB990BA-F5AB-4D00-8A41-D948AB7569DF}.Debug|Any CPU.ActiveCfg = Debug|Any CPU
		{CEB990BA-F5AB-4D00-8A41-D948AB7569DF}.Debug|Any CPU.Build.0 = Debug|Any CPU
		{CEB990BA-F5AB-4D00-8A41-D948AB7569DF}.Release|Any CPU.ActiveCfg = Release|Any CPU
		{CEB990BA-F5AB-4D00-8A41-D948AB7569DF}.Release|Any CPU.Build.0 = Release|Any CPU
		{5D3A4BD5-2283-4376-BFC9-ABFFD53F324B}.Debug|Any CPU.ActiveCfg = Debug|Any CPU
		{5D3A4BD5-2283-4376-BFC9-ABFFD53F324B}.Debug|Any CPU.Build.0 = Debug|Any CPU
		{5D3A4BD5-2283-4376-BFC9-ABFFD53F324B}.Release|Any CPU.ActiveCfg = Release|Any CPU
		{5D3A4BD5-2283-4376-BFC9-ABFFD53F324B}.Release|Any CPU.Build.0 = Release|Any CPU
		{83E1F70D-4D2A-4028-A119-1C4CD22C2E45}.Debug|Any CPU.ActiveCfg = Debug|Any CPU
		{83E1F70D-4D2A-4028-A119-1C4CD22C2E45}.Debug|Any CPU.Build.0 = Debug|Any CPU
		{83E1F70D-4D2A-4028-A119-1C4CD22C2E45}.Release|Any CPU.ActiveCfg = Release|Any CPU
		{83E1F70D-4D2A-4028-A119-1C4CD22C2E45}.Release|Any CPU.Build.0 = Release|Any CPU
	EndGlobalSection
	GlobalSection(SolutionProperties) = preSolution
		HideSolutionNode = FALSE
	EndGlobalSection
	GlobalSection(NestedProjects) = preSolution
		{5E8B7115-1BC3-40BC-9DFC-30EF3A76E49B} = {DB507199-52BB-488B-AB6C-EB1C4BBAE23B}
		{CEB990BA-F5AB-4D00-8A41-D948AB7569DF} = {DB507199-52BB-488B-AB6C-EB1C4BBAE23B}
		{5D3A4BD5-2283-4376-BFC9-ABFFD53F324B} = {DB507199-52BB-488B-AB6C-EB1C4BBAE23B}
		{83E1F70D-4D2A-4028-A119-1C4CD22C2E45} = {08589217-0ACF-4188-92F8-2C963497D555}
	EndGlobalSection
	GlobalSection(ExtensibilityGlobals) = postSolution
		SolutionGuid = {F9A460D5-C620-42EA-A242-FF14BE275109}
	EndGlobalSection
EndGlobal
