
Microsoft Visual Studio Solution File, Format Version 12.00
# Visual Studio Version 16
VisualStudioVersion = 16.0.28705.295
MinimumVisualStudioVersion = 10.0.40219.1
Project("{FAE04EC0-301F-11D3-BF4B-00C04F79EFBC}") = "DennisDemos", "DennisDemos\DennisDemos.csproj", "{4DCECA40-BFEA-463D-82C6-0A5DA8FC2357}"
EndProject
Project("{FAE04EC0-301F-11D3-BF4B-00C04F79EFBC}") = "DapperDemo", "DapperDemo\DapperDemo.csproj", "{0D4D8FEB-1C4F-4142-80D3-1550664F3CA0}"
EndProject
Project("{FAE04EC0-301F-11D3-BF4B-00C04F79EFBC}") = "OdataWebAPIDemo", "OdataWebAPIDemo\OdataWebAPIDemo.csproj", "{17A2D901-8416-4B82-9286-699261F8CB8A}"
EndProject
Project("{FAE04EC0-301F-11D3-BF4B-00C04F79EFBC}") = "DemosUT", "DemosUT\DemosUT.csproj", "{019BA23C-EADA-4300-9CE1-B50D339D97C7}"
EndProject
Project("{FAE04EC0-301F-11D3-BF4B-00C04F79EFBC}") = "MEFDemo", "IOCDemo\MEFDemo.csproj", "{5E8B7115-1BC3-40BC-9DFC-30EF3A76E49B}"
EndProject
Project("{FAE04EC0-301F-11D3-BF4B-00C04F79EFBC}") = "ExtendedMethod", "ExtendedMethod\ExtendedMethod.csproj", "{CEB990BA-F5AB-4D00-8A41-D948AB7569DF}"
EndProject
Project("{2150E333-8FDC-42A3-9474-1A3956D46DE8}") = "IOC_MEF_Demos", "IOC_MEF_Demos", "{DB507199-52BB-488B-AB6C-EB1C4BBAE23B}"
EndProject
Project("{FAE04EC0-301F-11D3-BF4B-00C04F79EFBC}") = "Services", "Services\Services.csproj", "{5D3A4BD5-2283-4376-BFC9-ABFFD53F324B}"
EndProject
Project("{2150E333-8FDC-42A3-9474-1A3956D46DE8}") = "Design_Patterns", "Design_Patterns", "{08589217-0ACF-4188-92F8-2C963497D555}"
EndProject
Project("{2150E333-8FDC-42A3-9474-1A3956D46DE8}") = "SimpleFactory", "SimpleFactory", "{AF00AE91-47A5-43CF-A4F0-7380881BF2D7}"
EndProject
Project("{9A19103F-16F7-4668-BE54-9A1E7A4F7556}") = "SimpleFactory", "Design_Patterns_Demos\SimpleFactory\SimpleFactory.csproj", "{D7EA6800-E507-4121-B52C-DCC60BC919A9}"
EndProject
Project("{2150E333-8FDC-42A3-9474-1A3956D46DE8}") = "Strategy", "Strategy", "{3D2ED336-5C6B-45A2-BEFA-F98A9A3FB82C}"
EndProject
Project("{9A19103F-16F7-4668-BE54-9A1E7A4F7556}") = "Strategy", "StrategyDemos\Strategy.csproj", "{33A90D07-C30C-4F6C-8961-84C956B97E37}"
EndProject
Project("{2150E333-8FDC-42A3-9474-1A3956D46DE8}") = "BookingSystem", "BookingSystem", "{B460230F-AA72-4318-BF43-D57BFB514AEC}"
EndProject
Project("{FAE04EC0-301F-11D3-BF4B-00C04F79EFBC}") = "BookingSystemBLL", "BookingSystemBLL\BookingSystemBLL.csproj", "{E0F26434-9694-4C16-AEAF-93F318D54932}"
EndProject
Project("{FAE04EC0-301F-11D3-BF4B-00C04F79EFBC}") = "BookingSystemIBLL", "BookingSystemIBLL\BookingSystemIBLL.csproj", "{158A4A78-9EFD-4B78-9080-F3A0652D1CCC}"
EndProject
Project("{FAE04EC0-301F-11D3-BF4B-00C04F79EFBC}") = "BookingSystemV2", "BookingSystemV2\BookingSystemV2.csproj", "{14591E4C-FA88-4A34-BA25-4613D1CB2915}"
EndProject
Project("{FAE04EC0-301F-11D3-BF4B-00C04F79EFBC}") = "BookingSystemDAL", "BookingSystemDAL\BookingSystemDAL.csproj", "{B80F6299-2CF9-4272-8FDA-AD93CF042B99}"
EndProject
Project("{FAE04EC0-301F-11D3-BF4B-00C04F79EFBC}") = "BookingSystemIDAL", "BookingSystemIDAL\BookingSystemIDAL.csproj", "{5D746D0A-5CC0-4CEE-9F9B-411275D802EB}"
EndProject
Global
	GlobalSection(SolutionConfigurationPlatforms) = preSolution
		Debug|Any CPU = Debug|Any CPU
		Release|Any CPU = Release|Any CPU
	EndGlobalSection
	GlobalSection(ProjectConfigurationPlatforms) = postSolution
		{4DCECA40-BFEA-463D-82C6-0A5DA8FC2357}.Debug|Any CPU.ActiveCfg = Debug|Any CPU
		{4DCECA40-BFEA-463D-82C6-0A5DA8FC2357}.Debug|Any CPU.Build.0 = Debug|Any CPU
		{4DCECA40-BFEA-463D-82C6-0A5DA8FC2357}.Release|Any CPU.ActiveCfg = Release|Any CPU
		{4DCECA40-BFEA-463D-82C6-0A5DA8FC2357}.Release|Any CPU.Build.0 = Release|Any CPU
		{0D4D8FEB-1C4F-4142-80D3-1550664F3CA0}.Debug|Any CPU.ActiveCfg = Debug|Any CPU
		{0D4D8FEB-1C4F-4142-80D3-1550664F3CA0}.Debug|Any CPU.Build.0 = Debug|Any CPU
		{0D4D8FEB-1C4F-4142-80D3-1550664F3CA0}.Release|Any CPU.ActiveCfg = Release|Any CPU
		{0D4D8FEB-1C4F-4142-80D3-1550664F3CA0}.Release|Any CPU.Build.0 = Release|Any CPU
		{17A2D901-8416-4B82-9286-699261F8CB8A}.Debug|Any CPU.ActiveCfg = Debug|Any CPU
		{17A2D901-8416-4B82-9286-699261F8CB8A}.Debug|Any CPU.Build.0 = Debug|Any CPU
		{17A2D901-8416-4B82-9286-699261F8CB8A}.Release|Any CPU.ActiveCfg = Release|Any CPU
		{17A2D901-8416-4B82-9286-699261F8CB8A}.Release|Any CPU.Build.0 = Release|Any CPU
		{019BA23C-EADA-4300-9CE1-B50D339D97C7}.Debug|Any CPU.ActiveCfg = Debug|Any CPU
		{019BA23C-EADA-4300-9CE1-B50D339D97C7}.Debug|Any CPU.Build.0 = Debug|Any CPU
		{019BA23C-EADA-4300-9CE1-B50D339D97C7}.Release|Any CPU.ActiveCfg = Release|Any CPU
		{019BA23C-EADA-4300-9CE1-B50D339D97C7}.Release|Any CPU.Build.0 = Release|Any CPU
		{5E8B7115-1BC3-40BC-9DFC-30EF3A76E49B}.Debug|Any CPU.ActiveCfg = Debug|Any CPU
		{5E8B7115-1BC3-40BC-9DFC-30EF3A76E49B}.Debug|Any CPU.Build.0 = Debug|Any CPU
		{5E8B7115-1BC3-40BC-9DFC-30EF3A76E49B}.Release|Any CPU.ActiveCfg = Release|Any CPU
		{5E8B7115-1BC3-40BC-9DFC-30EF3A76E49B}.Release|Any CPU.Build.0 = Release|Any CPU
		{CEB990BA-F5AB-4D00-8A41-D948AB7569DF}.Debug|Any CPU.ActiveCfg = Debug|Any CPU
		{CEB990BA-F5AB-4D00-8A41-D948AB7569DF}.Debug|Any CPU.Build.0 = Debug|Any CPU
		{CEB990BA-F5AB-4D00-8A41-D948AB7569DF}.Release|Any CPU.ActiveCfg = Release|Any CPU
		{CEB990BA-F5AB-4D00-8A41-D948AB7569DF}.Release|Any CPU.Build.0 = Release|Any CPU
		{5D3A4BD5-2283-4376-BFC9-ABFFD53F324B}.Debug|Any CPU.ActiveCfg = Debug|Any CPU
		{5D3A4BD5-2283-4376-BFC9-ABFFD53F324B}.Debug|Any CPU.Build.0 = Debug|Any CPU
		{5D3A4BD5-2283-4376-BFC9-ABFFD53F324B}.Release|Any CPU.ActiveCfg = Release|Any CPU
		{5D3A4BD5-2283-4376-BFC9-ABFFD53F324B}.Release|Any CPU.Build.0 = Release|Any CPU
		{D7EA6800-E507-4121-B52C-DCC60BC919A9}.Debug|Any CPU.ActiveCfg = Debug|Any CPU
		{D7EA6800-E507-4121-B52C-DCC60BC919A9}.Debug|Any CPU.Build.0 = Debug|Any CPU
		{D7EA6800-E507-4121-B52C-DCC60BC919A9}.Release|Any CPU.ActiveCfg = Release|Any CPU
		{D7EA6800-E507-4121-B52C-DCC60BC919A9}.Release|Any CPU.Build.0 = Release|Any CPU
		{33A90D07-C30C-4F6C-8961-84C956B97E37}.Debug|Any CPU.ActiveCfg = Debug|Any CPU
		{33A90D07-C30C-4F6C-8961-84C956B97E37}.Debug|Any CPU.Build.0 = Debug|Any CPU
		{33A90D07-C30C-4F6C-8961-84C956B97E37}.Release|Any CPU.ActiveCfg = Release|Any CPU
		{33A90D07-C30C-4F6C-8961-84C956B97E37}.Release|Any CPU.Build.0 = Release|Any CPU
		{E0F26434-9694-4C16-AEAF-93F318D54932}.Debug|Any CPU.ActiveCfg = Debug|Any CPU
		{E0F26434-9694-4C16-AEAF-93F318D54932}.Debug|Any CPU.Build.0 = Debug|Any CPU
		{E0F26434-9694-4C16-AEAF-93F318D54932}.Release|Any CPU.ActiveCfg = Release|Any CPU
		{E0F26434-9694-4C16-AEAF-93F318D54932}.Release|Any CPU.Build.0 = Release|Any CPU
		{158A4A78-9EFD-4B78-9080-F3A0652D1CCC}.Debug|Any CPU.ActiveCfg = Debug|Any CPU
		{158A4A78-9EFD-4B78-9080-F3A0652D1CCC}.Debug|Any CPU.Build.0 = Debug|Any CPU
		{158A4A78-9EFD-4B78-9080-F3A0652D1CCC}.Release|Any CPU.ActiveCfg = Release|Any CPU
		{158A4A78-9EFD-4B78-9080-F3A0652D1CCC}.Release|Any CPU.Build.0 = Release|Any CPU
		{14591E4C-FA88-4A34-BA25-4613D1CB2915}.Debug|Any CPU.ActiveCfg = Debug|Any CPU
		{14591E4C-FA88-4A34-BA25-4613D1CB2915}.Debug|Any CPU.Build.0 = Debug|Any CPU
		{14591E4C-FA88-4A34-BA25-4613D1CB2915}.Release|Any CPU.ActiveCfg = Release|Any CPU
		{14591E4C-FA88-4A34-BA25-4613D1CB2915}.Release|Any CPU.Build.0 = Release|Any CPU
		{B80F6299-2CF9-4272-8FDA-AD93CF042B99}.Debug|Any CPU.ActiveCfg = Debug|Any CPU
		{B80F6299-2CF9-4272-8FDA-AD93CF042B99}.Debug|Any CPU.Build.0 = Debug|Any CPU
		{B80F6299-2CF9-4272-8FDA-AD93CF042B99}.Release|Any CPU.ActiveCfg = Release|Any CPU
		{B80F6299-2CF9-4272-8FDA-AD93CF042B99}.Release|Any CPU.Build.0 = Release|Any CPU
		{5D746D0A-5CC0-4CEE-9F9B-411275D802EB}.Debug|Any CPU.ActiveCfg = Debug|Any CPU
		{5D746D0A-5CC0-4CEE-9F9B-411275D802EB}.Debug|Any CPU.Build.0 = Debug|Any CPU
		{5D746D0A-5CC0-4CEE-9F9B-411275D802EB}.Release|Any CPU.ActiveCfg = Release|Any CPU
		{5D746D0A-5CC0-4CEE-9F9B-411275D802EB}.Release|Any CPU.Build.0 = Release|Any CPU
	EndGlobalSection
	GlobalSection(SolutionProperties) = preSolution
		HideSolutionNode = FALSE
	EndGlobalSection
	GlobalSection(NestedProjects) = preSolution
		{5E8B7115-1BC3-40BC-9DFC-30EF3A76E49B} = {DB507199-52BB-488B-AB6C-EB1C4BBAE23B}
		{CEB990BA-F5AB-4D00-8A41-D948AB7569DF} = {DB507199-52BB-488B-AB6C-EB1C4BBAE23B}
		{5D3A4BD5-2283-4376-BFC9-ABFFD53F324B} = {DB507199-52BB-488B-AB6C-EB1C4BBAE23B}
		{AF00AE91-47A5-43CF-A4F0-7380881BF2D7} = {08589217-0ACF-4188-92F8-2C963497D555}
		{D7EA6800-E507-4121-B52C-DCC60BC919A9} = {AF00AE91-47A5-43CF-A4F0-7380881BF2D7}
		{3D2ED336-5C6B-45A2-BEFA-F98A9A3FB82C} = {08589217-0ACF-4188-92F8-2C963497D555}
		{33A90D07-C30C-4F6C-8961-84C956B97E37} = {3D2ED336-5C6B-45A2-BEFA-F98A9A3FB82C}
		{B460230F-AA72-4318-BF43-D57BFB514AEC} = {08589217-0ACF-4188-92F8-2C963497D555}
		{E0F26434-9694-4C16-AEAF-93F318D54932} = {B460230F-AA72-4318-BF43-D57BFB514AEC}
		{158A4A78-9EFD-4B78-9080-F3A0652D1CCC} = {B460230F-AA72-4318-BF43-D57BFB514AEC}
		{14591E4C-FA88-4A34-BA25-4613D1CB2915} = {B460230F-AA72-4318-BF43-D57BFB514AEC}
		{B80F6299-2CF9-4272-8FDA-AD93CF042B99} = {B460230F-AA72-4318-BF43-D57BFB514AEC}
		{5D746D0A-5CC0-4CEE-9F9B-411275D802EB} = {B460230F-AA72-4318-BF43-D57BFB514AEC}
	EndGlobalSection
	GlobalSection(ExtensibilityGlobals) = postSolution
		SolutionGuid = {F9A460D5-C620-42EA-A242-FF14BE275109}
	EndGlobalSection
EndGlobal
