
Microsoft Visual Studio Solution File, Format Version 12.00
# Visual Studio Version 16
VisualStudioVersion = 16.0.29123.88
MinimumVisualStudioVersion = 10.0.40219.1
Project("{FAE04EC0-301F-11D3-BF4B-00C04F79EFBC}") = "AiJinDiao_Client", "WpfApp1_demo\AiJinDiao_Client.csproj", "{30F6C291-D2C7-48AF-BF6E-32EEFA1C7957}"
EndProject
Global
	GlobalSection(SolutionConfigurationPlatforms) = preSolution
		Debug|Any CPU = Debug|Any CPU
		Release|Any CPU = Release|Any CPU
	EndGlobalSection
	GlobalSection(ProjectConfigurationPlatforms) = postSolution
		{30F6C291-D2C7-48AF-BF6E-32EEFA1C7957}.Debug|Any CPU.ActiveCfg = Debug|Any CPU
		{30F6C291-D2C7-48AF-BF6E-32EEFA1C7957}.Debug|Any CPU.Build.0 = Debug|Any CPU
		{30F6C291-D2C7-48AF-BF6E-32EEFA1C7957}.Release|Any CPU.ActiveCfg = Release|Any CPU
		{30F6C291-D2C7-48AF-BF6E-32EEFA1C7957}.Release|Any CPU.Build.0 = Release|Any CPU
	EndGlobalSection
	GlobalSection(SolutionProperties) = preSolution
		HideSolutionNode = FALSE
	EndGlobalSection
	GlobalSection(ExtensibilityGlobals) = postSolution
		SolutionGuid = {BA467BC0-1C6B-42CF-987A-EB20DC35241D}
	EndGlobalSection
EndGlobal
