
Microsoft Visual Studio Solution File, Format Version 12.00
# Visual Studio Version 16
VisualStudioVersion = 16.0.29609.76
MinimumVisualStudioVersion = 15.0.26124.0
Project("{2150E333-8FDC-42A3-9474-1A3956D46DE8}") = "src", "src", "{E64A9763-C1A9-4F42-9F3F-F9B0CBAC79EB}"
EndProject
Project("{9A19103F-16F7-4668-BE54-9A1E7A4F7556}") = "IdentityServer", "src\IdentityServer\IdentityServer.csproj", "{028D2102-2EB1-4FBA-8FB4-93940A6FD588}"
EndProject
Project("{9A19103F-16F7-4668-BE54-9A1E7A4F7556}") = "Api", "src\Api\Api.csproj", "{5A9EA20F-2685-4EF3-B6B6-9537A9B6FB3E}"
EndProject
Project("{9A19103F-16F7-4668-BE54-9A1E7A4F7556}") = "Client", "src\Client\Client.csproj", "{485388A4-357C-4723-867B-BA3080211E03}"
EndProject
Project("{9A19103F-16F7-4668-BE54-9A1E7A4F7556}") = "mvc-client", "src\mvc-client\mvc-client.csproj", "{4056BC62-44DD-4895-9609-0AFC60AA09D1}"
EndProject
Project("{FAE04EC0-301F-11D3-BF4B-00C04F79EFBC}") = "JavaScriptClient", "src\JavaScriptClient\JavaScriptClient.csproj", "{3EC2AED6-F52D-4B73-B056-0376294767EA}"
EndProject
Project("{FAE04EC0-301F-11D3-BF4B-00C04F79EFBC}") = "identityserveref", "src\identityserveref\identityserveref.csproj", "{2A887063-5952-4F99-A1F6-E9CE72AAACC4}"
EndProject
Global
	GlobalSection(SolutionConfigurationPlatforms) = preSolution
		Debug|Any CPU = Debug|Any CPU
		Debug|x64 = Debug|x64
		Debug|x86 = Debug|x86
		Release|Any CPU = Release|Any CPU
		Release|x64 = Release|x64
		Release|x86 = Release|x86
	EndGlobalSection
	GlobalSection(ProjectConfigurationPlatforms) = postSolution
		{028D2102-2EB1-4FBA-8FB4-93940A6FD588}.Debug|Any CPU.ActiveCfg = Debug|Any CPU
		{028D2102-2EB1-4FBA-8FB4-93940A6FD588}.Debug|Any CPU.Build.0 = Debug|Any CPU
		{028D2102-2EB1-4FBA-8FB4-93940A6FD588}.Debug|x64.ActiveCfg = Debug|Any CPU
		{028D2102-2EB1-4FBA-8FB4-93940A6FD588}.Debug|x64.Build.0 = Debug|Any CPU
		{028D2102-2EB1-4FBA-8FB4-93940A6FD588}.Debug|x86.ActiveCfg = Debug|Any CPU
		{028D2102-2EB1-4FBA-8FB4-93940A6FD588}.Debug|x86.Build.0 = Debug|Any CPU
		{028D2102-2EB1-4FBA-8FB4-93940A6FD588}.Release|Any CPU.ActiveCfg = Release|Any CPU
		{028D2102-2EB1-4FBA-8FB4-93940A6FD588}.Release|Any CPU.Build.0 = Release|Any CPU
		{028D2102-2EB1-4FBA-8FB4-93940A6FD588}.Release|x64.ActiveCfg = Release|Any CPU
		{028D2102-2EB1-4FBA-8FB4-93940A6FD588}.Release|x64.Build.0 = Release|Any CPU
		{028D2102-2EB1-4FBA-8FB4-93940A6FD588}.Release|x86.ActiveCfg = Release|Any CPU
		{028D2102-2EB1-4FBA-8FB4-93940A6FD588}.Release|x86.Build.0 = Release|Any CPU
		{5A9EA20F-2685-4EF3-B6B6-9537A9B6FB3E}.Debug|Any CPU.ActiveCfg = Debug|Any CPU
		{5A9EA20F-2685-4EF3-B6B6-9537A9B6FB3E}.Debug|Any CPU.Build.0 = Debug|Any CPU
		{5A9EA20F-2685-4EF3-B6B6-9537A9B6FB3E}.Debug|x64.ActiveCfg = Debug|Any CPU
		{5A9EA20F-2685-4EF3-B6B6-9537A9B6FB3E}.Debug|x64.Build.0 = Debug|Any CPU
		{5A9EA20F-2685-4EF3-B6B6-9537A9B6FB3E}.Debug|x86.ActiveCfg = Debug|Any CPU
		{5A9EA20F-2685-4EF3-B6B6-9537A9B6FB3E}.Debug|x86.Build.0 = Debug|Any CPU
		{5A9EA20F-2685-4EF3-B6B6-9537A9B6FB3E}.Release|Any CPU.ActiveCfg = Release|Any CPU
		{5A9EA20F-2685-4EF3-B6B6-9537A9B6FB3E}.Release|Any CPU.Build.0 = Release|Any CPU
		{5A9EA20F-2685-4EF3-B6B6-9537A9B6FB3E}.Release|x64.ActiveCfg = Release|Any CPU
		{5A9EA20F-2685-4EF3-B6B6-9537A9B6FB3E}.Release|x64.Build.0 = Release|Any CPU
		{5A9EA20F-2685-4EF3-B6B6-9537A9B6FB3E}.Release|x86.ActiveCfg = Release|Any CPU
		{5A9EA20F-2685-4EF3-B6B6-9537A9B6FB3E}.Release|x86.Build.0 = Release|Any CPU
		{485388A4-357C-4723-867B-BA3080211E03}.Debug|Any CPU.ActiveCfg = Debug|Any CPU
		{485388A4-357C-4723-867B-BA3080211E03}.Debug|Any CPU.Build.0 = Debug|Any CPU
		{485388A4-357C-4723-867B-BA3080211E03}.Debug|x64.ActiveCfg = Debug|Any CPU
		{485388A4-357C-4723-867B-BA3080211E03}.Debug|x64.Build.0 = Debug|Any CPU
		{485388A4-357C-4723-867B-BA3080211E03}.Debug|x86.ActiveCfg = Debug|Any CPU
		{485388A4-357C-4723-867B-BA3080211E03}.Debug|x86.Build.0 = Debug|Any CPU
		{485388A4-357C-4723-867B-BA3080211E03}.Release|Any CPU.ActiveCfg = Release|Any CPU
		{485388A4-357C-4723-867B-BA3080211E03}.Release|Any CPU.Build.0 = Release|Any CPU
		{485388A4-357C-4723-867B-BA3080211E03}.Release|x64.ActiveCfg = Release|Any CPU
		{485388A4-357C-4723-867B-BA3080211E03}.Release|x64.Build.0 = Release|Any CPU
		{485388A4-357C-4723-867B-BA3080211E03}.Release|x86.ActiveCfg = Release|Any CPU
		{485388A4-357C-4723-867B-BA3080211E03}.Release|x86.Build.0 = Release|Any CPU
		{4056BC62-44DD-4895-9609-0AFC60AA09D1}.Debug|Any CPU.ActiveCfg = Debug|Any CPU
		{4056BC62-44DD-4895-9609-0AFC60AA09D1}.Debug|Any CPU.Build.0 = Debug|Any CPU
		{4056BC62-44DD-4895-9609-0AFC60AA09D1}.Debug|x64.ActiveCfg = Debug|Any CPU
		{4056BC62-44DD-4895-9609-0AFC60AA09D1}.Debug|x64.Build.0 = Debug|Any CPU
		{4056BC62-44DD-4895-9609-0AFC60AA09D1}.Debug|x86.ActiveCfg = Debug|Any CPU
		{4056BC62-44DD-4895-9609-0AFC60AA09D1}.Debug|x86.Build.0 = Debug|Any CPU
		{4056BC62-44DD-4895-9609-0AFC60AA09D1}.Release|Any CPU.ActiveCfg = Release|Any CPU
		{4056BC62-44DD-4895-9609-0AFC60AA09D1}.Release|Any CPU.Build.0 = Release|Any CPU
		{4056BC62-44DD-4895-9609-0AFC60AA09D1}.Release|x64.ActiveCfg = Release|Any CPU
		{4056BC62-44DD-4895-9609-0AFC60AA09D1}.Release|x64.Build.0 = Release|Any CPU
		{4056BC62-44DD-4895-9609-0AFC60AA09D1}.Release|x86.ActiveCfg = Release|Any CPU
		{4056BC62-44DD-4895-9609-0AFC60AA09D1}.Release|x86.Build.0 = Release|Any CPU
		{3EC2AED6-F52D-4B73-B056-0376294767EA}.Debug|Any CPU.ActiveCfg = Debug|Any CPU
		{3EC2AED6-F52D-4B73-B056-0376294767EA}.Debug|Any CPU.Build.0 = Debug|Any CPU
		{3EC2AED6-F52D-4B73-B056-0376294767EA}.Debug|x64.ActiveCfg = Debug|Any CPU
		{3EC2AED6-F52D-4B73-B056-0376294767EA}.Debug|x64.Build.0 = Debug|Any CPU
		{3EC2AED6-F52D-4B73-B056-0376294767EA}.Debug|x86.ActiveCfg = Debug|Any CPU
		{3EC2AED6-F52D-4B73-B056-0376294767EA}.Debug|x86.Build.0 = Debug|Any CPU
		{3EC2AED6-F52D-4B73-B056-0376294767EA}.Release|Any CPU.ActiveCfg = Release|Any CPU
		{3EC2AED6-F52D-4B73-B056-0376294767EA}.Release|Any CPU.Build.0 = Release|Any CPU
		{3EC2AED6-F52D-4B73-B056-0376294767EA}.Release|x64.ActiveCfg = Release|Any CPU
		{3EC2AED6-F52D-4B73-B056-0376294767EA}.Release|x64.Build.0 = Release|Any CPU
		{3EC2AED6-F52D-4B73-B056-0376294767EA}.Release|x86.ActiveCfg = Release|Any CPU
		{3EC2AED6-F52D-4B73-B056-0376294767EA}.Release|x86.Build.0 = Release|Any CPU
		{2A887063-5952-4F99-A1F6-E9CE72AAACC4}.Debug|Any CPU.ActiveCfg = Debug|Any CPU
		{2A887063-5952-4F99-A1F6-E9CE72AAACC4}.Debug|Any CPU.Build.0 = Debug|Any CPU
		{2A887063-5952-4F99-A1F6-E9CE72AAACC4}.Debug|x64.ActiveCfg = Debug|Any CPU
		{2A887063-5952-4F99-A1F6-E9CE72AAACC4}.Debug|x64.Build.0 = Debug|Any CPU
		{2A887063-5952-4F99-A1F6-E9CE72AAACC4}.Debug|x86.ActiveCfg = Debug|Any CPU
		{2A887063-5952-4F99-A1F6-E9CE72AAACC4}.Debug|x86.Build.0 = Debug|Any CPU
		{2A887063-5952-4F99-A1F6-E9CE72AAACC4}.Release|Any CPU.ActiveCfg = Release|Any CPU
		{2A887063-5952-4F99-A1F6-E9CE72AAACC4}.Release|Any CPU.Build.0 = Release|Any CPU
		{2A887063-5952-4F99-A1F6-E9CE72AAACC4}.Release|x64.ActiveCfg = Release|Any CPU
		{2A887063-5952-4F99-A1F6-E9CE72AAACC4}.Release|x64.Build.0 = Release|Any CPU
		{2A887063-5952-4F99-A1F6-E9CE72AAACC4}.Release|x86.ActiveCfg = Release|Any CPU
		{2A887063-5952-4F99-A1F6-E9CE72AAACC4}.Release|x86.Build.0 = Release|Any CPU
	EndGlobalSection
	GlobalSection(SolutionProperties) = preSolution
		HideSolutionNode = FALSE
	EndGlobalSection
	GlobalSection(NestedProjects) = preSolution
		{028D2102-2EB1-4FBA-8FB4-93940A6FD588} = {E64A9763-C1A9-4F42-9F3F-F9B0CBAC79EB}
		{5A9EA20F-2685-4EF3-B6B6-9537A9B6FB3E} = {E64A9763-C1A9-4F42-9F3F-F9B0CBAC79EB}
		{485388A4-357C-4723-867B-BA3080211E03} = {E64A9763-C1A9-4F42-9F3F-F9B0CBAC79EB}
		{4056BC62-44DD-4895-9609-0AFC60AA09D1} = {E64A9763-C1A9-4F42-9F3F-F9B0CBAC79EB}
		{3EC2AED6-F52D-4B73-B056-0376294767EA} = {E64A9763-C1A9-4F42-9F3F-F9B0CBAC79EB}
		{2A887063-5952-4F99-A1F6-E9CE72AAACC4} = {E64A9763-C1A9-4F42-9F3F-F9B0CBAC79EB}
	EndGlobalSection
	GlobalSection(ExtensibilityGlobals) = postSolution
		SolutionGuid = {730400A9-D221-4F92-9D10-2846FE25425C}
	EndGlobalSection
EndGlobal
